
Microsoft Visual Studio Solution File, Format Version 12.00
# Visual Studio Version 16
VisualStudioVersion = 16.0.29102.190
MinimumVisualStudioVersion = 10.0.40219.1
Project("{FAE04EC0-301F-11D3-BF4B-00C04F79EFBC}") = "Serialization", "Serialization\Serialization.csproj", "{07B83DC8-3201-4CC1-8C37-AA7BA5CE6338}"
EndProject
Global
	GlobalSection(SolutionConfigurationPlatforms) = preSolution
		Debug|Any CPU = Debug|Any CPU
		Release|Any CPU = Release|Any CPU
	EndGlobalSection
	GlobalSection(ProjectConfigurationPlatforms) = postSolution
		{07B83DC8-3201-4CC1-8C37-AA7BA5CE6338}.Debug|Any CPU.ActiveCfg = Debug|Any CPU
		{07B83DC8-3201-4CC1-8C37-AA7BA5CE6338}.Debug|Any CPU.Build.0 = Debug|Any CPU
		{07B83DC8-3201-4CC1-8C37-AA7BA5CE6338}.Release|Any CPU.ActiveCfg = Release|Any CPU
		{07B83DC8-3201-4CC1-8C37-AA7BA5CE6338}.Release|Any CPU.Build.0 = Release|Any CPU
	EndGlobalSection
	GlobalSection(SolutionProperties) = preSolution
		HideSolutionNode = FALSE
	EndGlobalSection
	GlobalSection(ExtensibilityGlobals) = postSolution
		SolutionGuid = {2F10878D-2945-4061-B9CE-B4E55C19EB88}
	EndGlobalSection
EndGlobal
