
Microsoft Visual Studio Solution File, Format Version 12.00
# Visual Studio Version 16
VisualStudioVersion = 16.0.29102.190
MinimumVisualStudioVersion = 10.0.40219.1
Project("{FAE04EC0-301F-11D3-BF4B-00C04F79EFBC}") = "MovieSite.App", "MovieSite.App\MovieSite.App.csproj", "{3911C7B9-47AB-4307-9AD0-10620CFD5604}"
EndProject
Global
	GlobalSection(SolutionConfigurationPlatforms) = preSolution
		Debug|Any CPU = Debug|Any CPU
		Release|Any CPU = Release|Any CPU
	EndGlobalSection
	GlobalSection(ProjectConfigurationPlatforms) = postSolution
		{3911C7B9-47AB-4307-9AD0-10620CFD5604}.Debug|Any CPU.ActiveCfg = Debug|Any CPU
		{3911C7B9-47AB-4307-9AD0-10620CFD5604}.Debug|Any CPU.Build.0 = Debug|Any CPU
		{3911C7B9-47AB-4307-9AD0-10620CFD5604}.Release|Any CPU.ActiveCfg = Release|Any CPU
		{3911C7B9-47AB-4307-9AD0-10620CFD5604}.Release|Any CPU.Build.0 = Release|Any CPU
	EndGlobalSection
	GlobalSection(SolutionProperties) = preSolution
		HideSolutionNode = FALSE
	EndGlobalSection
	GlobalSection(ExtensibilityGlobals) = postSolution
		SolutionGuid = {4D573352-1B13-4A84-8C59-665B6712D65E}
	EndGlobalSection
EndGlobal
