
Microsoft Visual Studio Solution File, Format Version 12.00
# Visual Studio Version 16
VisualStudioVersion = 16.0.29201.188
MinimumVisualStudioVersion = 10.0.40219.1
Project("{FAE04EC0-301F-11D3-BF4B-00C04F79EFBC}") = "MySoapService", "MySoapService\MySoapService.csproj", "{3B5B8239-C094-467F-8C92-1DEE3FD8B7FB}"
EndProject
Global
	GlobalSection(SolutionConfigurationPlatforms) = preSolution
		Debug|Any CPU = Debug|Any CPU
		Release|Any CPU = Release|Any CPU
	EndGlobalSection
	GlobalSection(ProjectConfigurationPlatforms) = postSolution
		{3B5B8239-C094-467F-8C92-1DEE3FD8B7FB}.Debug|Any CPU.ActiveCfg = Debug|Any CPU
		{3B5B8239-C094-467F-8C92-1DEE3FD8B7FB}.Debug|Any CPU.Build.0 = Debug|Any CPU
		{3B5B8239-C094-467F-8C92-1DEE3FD8B7FB}.Release|Any CPU.ActiveCfg = Release|Any CPU
		{3B5B8239-C094-467F-8C92-1DEE3FD8B7FB}.Release|Any CPU.Build.0 = Release|Any CPU
	EndGlobalSection
	GlobalSection(SolutionProperties) = preSolution
		HideSolutionNode = FALSE
	EndGlobalSection
	GlobalSection(ExtensibilityGlobals) = postSolution
		SolutionGuid = {14E141AB-D37B-48B5-99D5-4A133C7FC7FD}
	EndGlobalSection
EndGlobal
