
Microsoft Visual Studio Solution File, Format Version 12.00
# Visual Studio Version 16
VisualStudioVersion = 16.0.29209.62
MinimumVisualStudioVersion = 10.0.40219.1
Project("{FAE04EC0-301F-11D3-BF4B-00C04F79EFBC}") = "DogRestCustomer", "DogRestCustomer\DogRestCustomer.csproj", "{31B30939-1D0A-4701-9FE2-383B33436617}"
EndProject
Global
	GlobalSection(SolutionConfigurationPlatforms) = preSolution
		Debug|Any CPU = Debug|Any CPU
		Release|Any CPU = Release|Any CPU
	EndGlobalSection
	GlobalSection(ProjectConfigurationPlatforms) = postSolution
		{31B30939-1D0A-4701-9FE2-383B33436617}.Debug|Any CPU.ActiveCfg = Debug|Any CPU
		{31B30939-1D0A-4701-9FE2-383B33436617}.Debug|Any CPU.Build.0 = Debug|Any CPU
		{31B30939-1D0A-4701-9FE2-383B33436617}.Release|Any CPU.ActiveCfg = Release|Any CPU
		{31B30939-1D0A-4701-9FE2-383B33436617}.Release|Any CPU.Build.0 = Release|Any CPU
	EndGlobalSection
	GlobalSection(SolutionProperties) = preSolution
		HideSolutionNode = FALSE
	EndGlobalSection
	GlobalSection(ExtensibilityGlobals) = postSolution
		SolutionGuid = {B810EA25-0054-4B47-8853-2FE6B9D4D125}
	EndGlobalSection
EndGlobal
