
Microsoft Visual Studio Solution File, Format Version 12.00
# Visual Studio Version 16
VisualStudioVersion = 16.0.29102.190
MinimumVisualStudioVersion = 10.0.40219.1
Project("{FAE04EC0-301F-11D3-BF4B-00C04F79EFBC}") = "DogApp", "DogApp\DogApp.csproj", "{506E80BD-2C34-4C8E-A0A6-A3FEC37FA705}"
EndProject
Global
	GlobalSection(SolutionConfigurationPlatforms) = preSolution
		Debug|Any CPU = Debug|Any CPU
		Release|Any CPU = Release|Any CPU
	EndGlobalSection
	GlobalSection(ProjectConfigurationPlatforms) = postSolution
		{506E80BD-2C34-4C8E-A0A6-A3FEC37FA705}.Debug|Any CPU.ActiveCfg = Debug|Any CPU
		{506E80BD-2C34-4C8E-A0A6-A3FEC37FA705}.Debug|Any CPU.Build.0 = Debug|Any CPU
		{506E80BD-2C34-4C8E-A0A6-A3FEC37FA705}.Release|Any CPU.ActiveCfg = Release|Any CPU
		{506E80BD-2C34-4C8E-A0A6-A3FEC37FA705}.Release|Any CPU.Build.0 = Release|Any CPU
	EndGlobalSection
	GlobalSection(SolutionProperties) = preSolution
		HideSolutionNode = FALSE
	EndGlobalSection
	GlobalSection(ExtensibilityGlobals) = postSolution
		SolutionGuid = {0BD1C295-0B56-41B7-9B29-7ACFD742F309}
	EndGlobalSection
EndGlobal
